PODS:
  - Alamofire (5.2.2)
  - SDWebImage (5.6.0):
    - SDWebImage/Core (= 5.6.0)
  - SDWebImage/Core (5.6.0)
  - SVProgressHUD (2.2.5)

DEPENDENCIES:
  - Alamofire
  - SDWebImage (~> 5.0)
  - SVProgressHUD

SPEC REPOS:
  trunk:
    - Alamofire
    - SDWebImage
    - SVProgressHUD

SPEC CHECKSUMS:
  Alamofire: 814429acc853c6c54ff123fc3d2ef66803823ce0
  SDWebImage: 21b19f56b4226cdfe3aefe4e6848dc43ed129a86
  SVProgressHUD: 1428aafac632c1f86f62aa4243ec12008d7a51d6

PODFILE CHECKSUM: e7b806e64ae38fdea6226cffde26583111987ab3

COCOAPODS: 1.9.0
